
Microsoft Visual Studio Solution File, Format Version 12.00
# Visual Studio 15
VisualStudioVersion = 15.0.28010.2026
MinimumVisualStudioVersion = 10.0.40219.1
Project("{FAE04EC0-301F-11D3-BF4B-00C04F79EFBC}") = "ProyectoV3", "ProyectoV3\ProyectoV3.csproj", "{5ED37E48-7EDD-4C3B-8796-1FC599EC45D7}"
EndProject
Project("{FAE04EC0-301F-11D3-BF4B-00C04F79EFBC}") = "ENTITY", "ENTITY\ENTITY.csproj", "{3485B553-EE6E-46C1-A987-5207C7236320}"
EndProject
Project("{FAE04EC0-301F-11D3-BF4B-00C04F79EFBC}") = "DAL", "DAL\DAL.csproj", "{E26D9766-95C0-4DB2-B915-C2EFA730AC76}"
EndProject
Project("{FAE04EC0-301F-11D3-BF4B-00C04F79EFBC}") = "BLL", "BLL\BLL.csproj", "{62C32D91-0EF1-41DB-8231-9C05842F07BD}"
EndProject
Project("{FAE04EC0-301F-11D3-BF4B-00C04F79EFBC}") = "INFRAESTRUCTURA", "INFRAESTRUCTURA\INFRAESTRUCTURA.csproj", "{1FA120C6-236C-45CD-8E7B-45054B61F39E}"
EndProject
Global
	GlobalSection(SolutionConfigurationPlatforms) = preSolution
		Debug|Any CPU = Debug|Any CPU
		Release|Any CPU = Release|Any CPU
	EndGlobalSection
	GlobalSection(ProjectConfigurationPlatforms) = postSolution
		{5ED37E48-7EDD-4C3B-8796-1FC599EC45D7}.Debug|Any CPU.ActiveCfg = Debug|Any CPU
		{5ED37E48-7EDD-4C3B-8796-1FC599EC45D7}.Debug|Any CPU.Build.0 = Debug|Any CPU
		{5ED37E48-7EDD-4C3B-8796-1FC599EC45D7}.Release|Any CPU.ActiveCfg = Release|Any CPU
		{5ED37E48-7EDD-4C3B-8796-1FC599EC45D7}.Release|Any CPU.Build.0 = Release|Any CPU
		{3485B553-EE6E-46C1-A987-5207C7236320}.Debug|Any CPU.ActiveCfg = Debug|Any CPU
		{3485B553-EE6E-46C1-A987-5207C7236320}.Debug|Any CPU.Build.0 = Debug|Any CPU
		{3485B553-EE6E-46C1-A987-5207C7236320}.Release|Any CPU.ActiveCfg = Release|Any CPU
		{3485B553-EE6E-46C1-A987-5207C7236320}.Release|Any CPU.Build.0 = Release|Any CPU
		{E26D9766-95C0-4DB2-B915-C2EFA730AC76}.Debug|Any CPU.ActiveCfg = Debug|Any CPU
		{E26D9766-95C0-4DB2-B915-C2EFA730AC76}.Debug|Any CPU.Build.0 = Debug|Any CPU
		{E26D9766-95C0-4DB2-B915-C2EFA730AC76}.Release|Any CPU.ActiveCfg = Release|Any CPU
		{E26D9766-95C0-4DB2-B915-C2EFA730AC76}.Release|Any CPU.Build.0 = Release|Any CPU
		{62C32D91-0EF1-41DB-8231-9C05842F07BD}.Debug|Any CPU.ActiveCfg = Debug|Any CPU
		{62C32D91-0EF1-41DB-8231-9C05842F07BD}.Debug|Any CPU.Build.0 = Debug|Any CPU
		{62C32D91-0EF1-41DB-8231-9C05842F07BD}.Release|Any CPU.ActiveCfg = Release|Any CPU
		{62C32D91-0EF1-41DB-8231-9C05842F07BD}.Release|Any CPU.Build.0 = Release|Any CPU
		{1FA120C6-236C-45CD-8E7B-45054B61F39E}.Debug|Any CPU.ActiveCfg = Debug|Any CPU
		{1FA120C6-236C-45CD-8E7B-45054B61F39E}.Debug|Any CPU.Build.0 = Debug|Any CPU
		{1FA120C6-236C-45CD-8E7B-45054B61F39E}.Release|Any CPU.ActiveCfg = Release|Any CPU
		{1FA120C6-236C-45CD-8E7B-45054B61F39E}.Release|Any CPU.Build.0 = Release|Any CPU
	EndGlobalSection
	GlobalSection(SolutionProperties) = preSolution
		HideSolutionNode = FALSE
	EndGlobalSection
	GlobalSection(ExtensibilityGlobals) = postSolution
		SolutionGuid = {FEE3C164-26EA-4D58-AD6C-E3AA03769733}
	EndGlobalSection
EndGlobal
